
Microsoft Visual Studio Solution File, Format Version 12.00
# Visual Studio Version 16
VisualStudioVersion = 16.0.31129.286
MinimumVisualStudioVersion = 10.0.40219.1
Project("{FAE04EC0-301F-11D3-BF4B-00C04F79EFBC}") = "HyperlinkXF.Android", "HyperlinkXF.Android\HyperlinkXF.Android.csproj", "{E886A269-E838-4092-A4A6-824A47CB7F06}"
EndProject
Project("{FAE04EC0-301F-11D3-BF4B-00C04F79EFBC}") = "HyperlinkXF.iOS", "HyperlinkXF.iOS\HyperlinkXF.iOS.csproj", "{3BD552CF-0A52-47CC-BDBF-E119E3E349CF}"
EndProject
Project("{FAE04EC0-301F-11D3-BF4B-00C04F79EFBC}") = "HyperlinkXF", "HyperlinkXF\HyperlinkXF.csproj", "{B770876F-D05C-4699-B453-4E580D3D3266}"
EndProject
Global
	GlobalSection(SolutionConfigurationPlatforms) = preSolution
		Debug|Any CPU = Debug|Any CPU
		Debug|iPhone = Debug|iPhone
		Debug|iPhoneSimulator = Debug|iPhoneSimulator
		Release|Any CPU = Release|Any CPU
		Release|iPhone = Release|iPhone
		Release|iPhoneSimulator = Release|iPhoneSimulator
	EndGlobalSection
	GlobalSection(ProjectConfigurationPlatforms) = postSolution
		{E886A269-E838-4092-A4A6-824A47CB7F06}.Debug|Any CPU.ActiveCfg = Debug|Any CPU
		{E886A269-E838-4092-A4A6-824A47CB7F06}.Debug|Any CPU.Build.0 = Debug|Any CPU
		{E886A269-E838-4092-A4A6-824A47CB7F06}.Debug|Any CPU.Deploy.0 = Debug|Any CPU
		{E886A269-E838-4092-A4A6-824A47CB7F06}.Debug|iPhone.ActiveCfg = Debug|Any CPU
		{E886A269-E838-4092-A4A6-824A47CB7F06}.Debug|iPhone.Build.0 = Debug|Any CPU
		{E886A269-E838-4092-A4A6-824A47CB7F06}.Debug|iPhone.Deploy.0 = Debug|Any CPU
		{E886A269-E838-4092-A4A6-824A47CB7F06}.Debug|iPhoneSimulator.ActiveCfg = Debug|Any CPU
		{E886A269-E838-4092-A4A6-824A47CB7F06}.Debug|iPhoneSimulator.Build.0 = Debug|Any CPU
		{E886A269-E838-4092-A4A6-824A47CB7F06}.Debug|iPhoneSimulator.Deploy.0 = Debug|Any CPU
		{E886A269-E838-4092-A4A6-824A47CB7F06}.Release|Any CPU.ActiveCfg = Release|Any CPU
		{E886A269-E838-4092-A4A6-824A47CB7F06}.Release|Any CPU.Build.0 = Release|Any CPU
		{E886A269-E838-4092-A4A6-824A47CB7F06}.Release|Any CPU.Deploy.0 = Release|Any CPU
		{E886A269-E838-4092-A4A6-824A47CB7F06}.Release|iPhone.ActiveCfg = Release|Any CPU
		{E886A269-E838-4092-A4A6-824A47CB7F06}.Release|iPhone.Build.0 = Release|Any CPU
		{E886A269-E838-4092-A4A6-824A47CB7F06}.Release|iPhone.Deploy.0 = Release|Any CPU
		{E886A269-E838-4092-A4A6-824A47CB7F06}.Release|iPhoneSimulator.ActiveCfg = Release|Any CPU
		{E886A269-E838-4092-A4A6-824A47CB7F06}.Release|iPhoneSimulator.Build.0 = Release|Any CPU
		{E886A269-E838-4092-A4A6-824A47CB7F06}.Release|iPhoneSimulator.Deploy.0 = Release|Any CPU
		{3BD552CF-0A52-47CC-BDBF-E119E3E349CF}.Debug|Any CPU.ActiveCfg = Debug|iPhone
		{3BD552CF-0A52-47CC-BDBF-E119E3E349CF}.Debug|Any CPU.Build.0 = Debug|iPhone
		{3BD552CF-0A52-47CC-BDBF-E119E3E349CF}.Debug|Any CPU.Deploy.0 = Debug|iPhone
		{3BD552CF-0A52-47CC-BDBF-E119E3E349CF}.Debug|iPhone.ActiveCfg = Debug|iPhone
		{3BD552CF-0A52-47CC-BDBF-E119E3E349CF}.Debug|iPhone.Build.0 = Debug|iPhone
		{3BD552CF-0A52-47CC-BDBF-E119E3E349CF}.Debug|iPhone.Deploy.0 = Debug|iPhone
		{3BD552CF-0A52-47CC-BDBF-E119E3E349CF}.Debug|iPhoneSimulator.ActiveCfg = Debug|iPhoneSimulator
		{3BD552CF-0A52-47CC-BDBF-E119E3E349CF}.Debug|iPhoneSimulator.Build.0 = Debug|iPhoneSimulator
		{3BD552CF-0A52-47CC-BDBF-E119E3E349CF}.Debug|iPhoneSimulator.Deploy.0 = Debug|iPhoneSimulator
		{3BD552CF-0A52-47CC-BDBF-E119E3E349CF}.Release|Any CPU.ActiveCfg = Release|iPhoneSimulator
		{3BD552CF-0A52-47CC-BDBF-E119E3E349CF}.Release|Any CPU.Build.0 = Release|iPhoneSimulator
		{3BD552CF-0A52-47CC-BDBF-E119E3E349CF}.Release|Any CPU.Deploy.0 = Release|iPhoneSimulator
		{3BD552CF-0A52-47CC-BDBF-E119E3E349CF}.Release|iPhone.ActiveCfg = Release|iPhone
		{3BD552CF-0A52-47CC-BDBF-E119E3E349CF}.Release|iPhone.Build.0 = Release|iPhone
		{3BD552CF-0A52-47CC-BDBF-E119E3E349CF}.Release|iPhone.Deploy.0 = Release|iPhone
		{3BD552CF-0A52-47CC-BDBF-E119E3E349CF}.Release|iPhoneSimulator.ActiveCfg = Release|iPhoneSimulator
		{3BD552CF-0A52-47CC-BDBF-E119E3E349CF}.Release|iPhoneSimulator.Build.0 = Release|iPhoneSimulator
		{3BD552CF-0A52-47CC-BDBF-E119E3E349CF}.Release|iPhoneSimulator.Deploy.0 = Release|iPhoneSimulator
		{B770876F-D05C-4699-B453-4E580D3D3266}.Debug|Any CPU.ActiveCfg = Debug|Any CPU
		{B770876F-D05C-4699-B453-4E580D3D3266}.Debug|Any CPU.Build.0 = Debug|Any CPU
		{B770876F-D05C-4699-B453-4E580D3D3266}.Debug|Any CPU.Deploy.0 = Debug|Any CPU
		{B770876F-D05C-4699-B453-4E580D3D3266}.Debug|iPhone.ActiveCfg = Debug|Any CPU
		{B770876F-D05C-4699-B453-4E580D3D3266}.Debug|iPhone.Build.0 = Debug|Any CPU
		{B770876F-D05C-4699-B453-4E580D3D3266}.Debug|iPhone.Deploy.0 = Debug|Any CPU
		{B770876F-D05C-4699-B453-4E580D3D3266}.Debug|iPhoneSimulator.ActiveCfg = Debug|Any CPU
		{B770876F-D05C-4699-B453-4E580D3D3266}.Debug|iPhoneSimulator.Build.0 = Debug|Any CPU
		{B770876F-D05C-4699-B453-4E580D3D3266}.Debug|iPhoneSimulator.Deploy.0 = Debug|Any CPU
		{B770876F-D05C-4699-B453-4E580D3D3266}.Release|Any CPU.ActiveCfg = Release|Any CPU
		{B770876F-D05C-4699-B453-4E580D3D3266}.Release|Any CPU.Build.0 = Release|Any CPU
		{B770876F-D05C-4699-B453-4E580D3D3266}.Release|Any CPU.Deploy.0 = Release|Any CPU
		{B770876F-D05C-4699-B453-4E580D3D3266}.Release|iPhone.ActiveCfg = Release|Any CPU
		{B770876F-D05C-4699-B453-4E580D3D3266}.Release|iPhone.Build.0 = Release|Any CPU
		{B770876F-D05C-4699-B453-4E580D3D3266}.Release|iPhone.Deploy.0 = Release|Any CPU
		{B770876F-D05C-4699-B453-4E580D3D3266}.Release|iPhoneSimulator.ActiveCfg = Release|Any CPU
		{B770876F-D05C-4699-B453-4E580D3D3266}.Release|iPhoneSimulator.Build.0 = Release|Any CPU
		{B770876F-D05C-4699-B453-4E580D3D3266}.Release|iPhoneSimulator.Deploy.0 = Release|Any CPU
	EndGlobalSection
	GlobalSection(SolutionProperties) = preSolution
		HideSolutionNode = FALSE
	EndGlobalSection
	GlobalSection(ExtensibilityGlobals) = postSolution
		SolutionGuid = {11D592B7-4750-43EA-92F5-0B21A1FC1FB4}
	EndGlobalSection
EndGlobal
